// !$*UTF8*$!
{
	archiveVersion = 1;
	classes = {
	};
	objectVersion = 56;
	objects = {

/* Begin PBXBuildFile section */
		761F19162AD95BCE003E9725 /* BookSamples.swift in Sources */ = {isa = PBXBuildFile; fileRef = 761F19152AD95BCE003E9725 /* BookSamples.swift */; };
		761F19182AD9C3C2003E9725 /* PreviewContainer.swift in Sources */ = {isa = PBXBuildFile; fileRef = 761F19172AD9C3C2003E9725 /* PreviewContainer.swift */; };
		763FC7CB2AD693D00008E040 /* MyBooksApp.swift in Sources */ = {isa = PBXBuildFile; fileRef = 763FC7CA2AD693D00008E040 /* MyBooksApp.swift */; };
		763FC7CD2AD693D00008E040 /* BookListView.swift in Sources */ = {isa = PBXBuildFile; fileRef = 763FC7CC2AD693D00008E040 /* BookListView.swift */; };
		763FC7CF2AD693D20008E040 /* Assets.xcassets in Resources */ = {isa = PBXBuildFile; fileRef = 763FC7CE2AD693D20008E040 /* Assets.xcassets */; };
		763FC7D32AD693D20008E040 /* Preview Assets.xcassets in Resources */ = {isa = PBXBuildFile; fileRef = 763FC7D22AD693D20008E040 /* Preview Assets.xcassets */; };
		763FC7DA2AD694430008E040 /* Readme.md in Resources */ = {isa = PBXBuildFile; fileRef = 763FC7D92AD694430008E040 /* Readme.md */; };
		763FC7DC2AD695300008E040 /* Book.swift in Sources */ = {isa = PBXBuildFile; fileRef = 763FC7DB2AD695300008E040 /* Book.swift */; };
		763FC7DE2AD6FE8D0008E040 /* NewBookView.swift in Sources */ = {isa = PBXBuildFile; fileRef = 763FC7DD2AD6FE8D0008E040 /* NewBookView.swift */; };
		766D02982AEA84E2000CE954 /* docs in Resources */ = {isa = PBXBuildFile; fileRef = 766D02972AEA84E2000CE954 /* docs */; };
		766D029A2AEA857D000CE954 /* Localizable.xcstrings in Resources */ = {isa = PBXBuildFile; fileRef = 766D02992AEA857D000CE954 /* Localizable.xcstrings */; };
		766D029C2AEAAB19000CE954 /* Genre.swift in Sources */ = {isa = PBXBuildFile; fileRef = 766D029B2AEAAB19000CE954 /* Genre.swift */; };
		76B319812ADAE15600AF1E86 /* BookList.swift in Sources */ = {isa = PBXBuildFile; fileRef = 76B319802ADAE15600AF1E86 /* BookList.swift */; };
		76B319832ADBC62800AF1E86 /* migrations.md in Resources */ = {isa = PBXBuildFile; fileRef = 76B319822ADBC62700AF1E86 /* migrations.md */; };
		76B3198E2ADBC64A00AF1E86 /* image-20231011212137465.png in Resources */ = {isa = PBXBuildFile; fileRef = 76B319842ADBC64A00AF1E86 /* image-20231011212137465.png */; };
		76B3198F2ADBC64A00AF1E86 /* Sortowanie i Filtrowanie danych.md in Resources */ = {isa = PBXBuildFile; fileRef = 76B319852ADBC64A00AF1E86 /* Sortowanie i Filtrowanie danych.md */; };
		76B319902ADBC64A00AF1E86 /* image-20231011184751985.png in Resources */ = {isa = PBXBuildFile; fileRef = 76B319862ADBC64A00AF1E86 /* image-20231011184751985.png */; };
		76B319912ADBC64A00AF1E86 /* image-20231011145312090.png in Resources */ = {isa = PBXBuildFile; fileRef = 76B319872ADBC64A00AF1E86 /* image-20231011145312090.png */; };
		76B319922ADBC64A00AF1E86 /* image-20231011185449831.png in Resources */ = {isa = PBXBuildFile; fileRef = 76B319882ADBC64A00AF1E86 /* image-20231011185449831.png */; };
		76B319932ADBC64A00AF1E86 /* 2023-10-13_10-46-28 (1).gif in Resources */ = {isa = PBXBuildFile; fileRef = 76B319892ADBC64A00AF1E86 /* 2023-10-13_10-46-28 (1).gif */; };
		76B319942ADBC64A00AF1E86 /* image-20231013214052735.png in Resources */ = {isa = PBXBuildFile; fileRef = 76B3198A2ADBC64A00AF1E86 /* image-20231013214052735.png */; };
		76B319952ADBC64A00AF1E86 /* image-20231013214129962.png in Resources */ = {isa = PBXBuildFile; fileRef = 76B3198B2ADBC64A00AF1E86 /* image-20231013214129962.png */; };
		76B319972ADBC64A00AF1E86 /* 2023-10-12_15-26-37 (1).gif in Resources */ = {isa = PBXBuildFile; fileRef = 76B3198D2ADBC64A00AF1E86 /* 2023-10-12_15-26-37 (1).gif */; };
		76B3199A2ADBE26B00AF1E86 /* Quote.swift in Sources */ = {isa = PBXBuildFile; fileRef = 76B319992ADBE26B00AF1E86 /* Quote.swift */; };
		76B3199C2ADBF25200AF1E86 /* QuotesListView.swift in Sources */ = {isa = PBXBuildFile; fileRef = 76B3199B2ADBF25200AF1E86 /* QuotesListView.swift */; };
		76B3199E2ADC4E7400AF1E86 /* One2Many.md in Resources */ = {isa = PBXBuildFile; fileRef = 76B3199D2ADC4E7400AF1E86 /* One2Many.md */; };
		76FC4C512AD832560088895E /* EditBookView.swift in Sources */ = {isa = PBXBuildFile; fileRef = 76FC4C502AD832560088895E /* EditBookView.swift */; };
		76FC4C532AD847130088895E /* RatingsView.swift in Sources */ = {isa = PBXBuildFile; fileRef = 76FC4C522AD847130088895E /* RatingsView.swift */; };
/* End PBXBuildFile section */

/* Begin PBXFileReference section */
		761F19152AD95BCE003E9725 /* BookSamples.swift */ = {isa = PBXFileReference; lastKnownFileType = sourcecode.swift; path = BookSamples.swift; sourceTree = "<group>"; };
		761F19172AD9C3C2003E9725 /* PreviewContainer.swift */ = {isa = PBXFileReference; lastKnownFileType = sourcecode.swift; path = PreviewContainer.swift; sourceTree = "<group>"; };
		763FC7C72AD693D00008E040 /* MyBooks.app */ = {isa = PBXFileReference; explicitFileType = wrapper.application; includeInIndex = 0; path = MyBooks.app; sourceTree = BUILT_PRODUCTS_DIR; };
		763FC7CA2AD693D00008E040 /* MyBooksApp.swift */ = {isa = PBXFileReference; lastKnownFileType = sourcecode.swift; path = MyBooksApp.swift; sourceTree = "<group>"; };
		763FC7CC2AD693D00008E040 /* BookListView.swift */ = {isa = PBXFileReference; lastKnownFileType = sourcecode.swift; path = BookListView.swift; sourceTree = "<group>"; };
		763FC7CE2AD693D20008E040 /* Assets.xcassets */ = {isa = PBXFileReference; lastKnownFileType = folder.assetcatalog; path = Assets.xcassets; sourceTree = "<group>"; };
		763FC7D02AD693D20008E040 /* MyBooks.entitlements */ = {isa = PBXFileReference; lastKnownFileType = text.plist.entitlements; path = MyBooks.entitlements; sourceTree = "<group>"; };
		763FC7D22AD693D20008E040 /* Preview Assets.xcassets */ = {isa = PBXFileReference; lastKnownFileType = folder.assetcatalog; path = "Preview Assets.xcassets"; sourceTree = "<group>"; };
		763FC7D92AD694430008E040 /* Readme.md */ = {isa = PBXFileReference; fileEncoding = 4; lastKnownFileType = net.daringfireball.markdown; path = Readme.md; sourceTree = "<group>"; };
		763FC7DB2AD695300008E040 /* Book.swift */ = {isa = PBXFileReference; lastKnownFileType = sourcecode.swift; path = Book.swift; sourceTree = "<group>"; };
		763FC7DD2AD6FE8D0008E040 /* NewBookView.swift */ = {isa = PBXFileReference; lastKnownFileType = sourcecode.swift; path = NewBookView.swift; sourceTree = "<group>"; };
		766D02972AEA84E2000CE954 /* docs */ = {isa = PBXFileReference; lastKnownFileType = folder; name = docs; sourceTree = "<group>"; };
		766D02992AEA857D000CE954 /* Localizable.xcstrings */ = {isa = PBXFileReference; lastKnownFileType = text.json.xcstrings; path = Localizable.xcstrings; sourceTree = "<group>"; };
		766D029B2AEAAB19000CE954 /* Genre.swift */ = {isa = PBXFileReference; lastKnownFileType = sourcecode.swift; path = Genre.swift; sourceTree = "<group>"; };
		76B319802ADAE15600AF1E86 /* BookList.swift */ = {isa = PBXFileReference; lastKnownFileType = sourcecode.swift; path = BookList.swift; sourceTree = "<group>"; };
		76B319822ADBC62700AF1E86 /* migrations.md */ = {isa = PBXFileReference; fileEncoding = 4; lastKnownFileType = net.daringfireball.markdown; path = migrations.md; sourceTree = "<group>"; };
		76B319842ADBC64A00AF1E86 /* image-20231011212137465.png */ = {isa = PBXFileReference; lastKnownFileType = image.png; path = "image-20231011212137465.png"; sourceTree = "<group>"; };
		76B319852ADBC64A00AF1E86 /* Sortowanie i Filtrowanie danych.md */ = {isa = PBXFileReference; fileEncoding = 4; lastKnownFileType = net.daringfireball.markdown; path = "Sortowanie i Filtrowanie danych.md"; sourceTree = "<group>"; };
		76B319862ADBC64A00AF1E86 /* image-20231011184751985.png */ = {isa = PBXFileReference; lastKnownFileType = image.png; path = "image-20231011184751985.png"; sourceTree = "<group>"; };
		76B319872ADBC64A00AF1E86 /* image-20231011145312090.png */ = {isa = PBXFileReference; lastKnownFileType = image.png; path = "image-20231011145312090.png"; sourceTree = "<group>"; };
		76B319882ADBC64A00AF1E86 /* image-20231011185449831.png */ = {isa = PBXFileReference; lastKnownFileType = image.png; path = "image-20231011185449831.png"; sourceTree = "<group>"; };
		76B319892ADBC64A00AF1E86 /* 2023-10-13_10-46-28 (1).gif */ = {isa = PBXFileReference; lastKnownFileType = image.gif; path = "2023-10-13_10-46-28 (1).gif"; sourceTree = "<group>"; };
		76B3198A2ADBC64A00AF1E86 /* image-20231013214052735.png */ = {isa = PBXFileReference; lastKnownFileType = image.png; path = "image-20231013214052735.png"; sourceTree = "<group>"; };
		76B3198B2ADBC64A00AF1E86 /* image-20231013214129962.png */ = {isa = PBXFileReference; lastKnownFileType = image.png; path = "image-20231013214129962.png"; sourceTree = "<group>"; };
		76B3198D2ADBC64A00AF1E86 /* 2023-10-12_15-26-37 (1).gif */ = {isa = PBXFileReference; lastKnownFileType = image.gif; path = "2023-10-12_15-26-37 (1).gif"; sourceTree = "<group>"; };
		76B319992ADBE26B00AF1E86 /* Quote.swift */ = {isa = PBXFileReference; lastKnownFileType = sourcecode.swift; path = Quote.swift; sourceTree = "<group>"; };
		76B3199B2ADBF25200AF1E86 /* QuotesListView.swift */ = {isa = PBXFileReference; lastKnownFileType = sourcecode.swift; path = QuotesListView.swift; sourceTree = "<group>"; };
		76B3199D2ADC4E7400AF1E86 /* One2Many.md */ = {isa = PBXFileReference; fileEncoding = 4; lastKnownFileType = net.daringfireball.markdown; path = One2Many.md; sourceTree = "<group>"; };
		76FC4C502AD832560088895E /* EditBookView.swift */ = {isa = PBXFileReference; lastKnownFileType = sourcecode.swift; path = EditBookView.swift; sourceTree = "<group>"; };
		76FC4C522AD847130088895E /* RatingsView.swift */ = {isa = PBXFileReference; lastKnownFileType = sourcecode.swift; path = RatingsView.swift; sourceTree = "<group>"; };
/* End PBXFileReference section */

/* Begin PBXFrameworksBuildPhase section */
		763FC7C42AD693D00008E040 /* Frameworks */ = {
			isa = PBXFrameworksBuildPhase;
			buildActionMask = 2147483647;
			files = (
			);
			runOnlyForDeploymentPostprocessing = 0;
		};
/* End PBXFrameworksBuildPhase section */

/* Begin PBXGroup section */
		761F19142AD95BB8003E9725 /* Preview */ = {
			isa = PBXGroup;
			children = (
				761F19152AD95BCE003E9725 /* BookSamples.swift */,
				761F19172AD9C3C2003E9725 /* PreviewContainer.swift */,
			);
			path = Preview;
			sourceTree = "<group>";
		};
		763FC7BE2AD693D00008E040 = {
			isa = PBXGroup;
			children = (
				766D02992AEA857D000CE954 /* Localizable.xcstrings */,
				76B319982ADBC65000AF1E86 /* docs */,
				761F19142AD95BB8003E9725 /* Preview */,
				763FC7D92AD694430008E040 /* Readme.md */,
				763FC7C92AD693D00008E040 /* MyBooks */,
				763FC7C82AD693D00008E040 /* Products */,
			);
			sourceTree = "<group>";
		};
		763FC7C82AD693D00008E040 /* Products */ = {
			isa = PBXGroup;
			children = (
				763FC7C72AD693D00008E040 /* MyBooks.app */,
			);
			name = Products;
			sourceTree = "<group>";
		};
		763FC7C92AD693D00008E040 /* MyBooks */ = {
			isa = PBXGroup;
			children = (
				763FC7CA2AD693D00008E040 /* MyBooksApp.swift */,
				763FC7DB2AD695300008E040 /* Book.swift */,
				763FC7CC2AD693D00008E040 /* BookListView.swift */,
				76B319802ADAE15600AF1E86 /* BookList.swift */,
				763FC7DD2AD6FE8D0008E040 /* NewBookView.swift */,
				76FC4C502AD832560088895E /* EditBookView.swift */,
				76B319992ADBE26B00AF1E86 /* Quote.swift */,
				76B3199B2ADBF25200AF1E86 /* QuotesListView.swift */,
				76FC4C522AD847130088895E /* RatingsView.swift */,
				763FC7CE2AD693D20008E040 /* Assets.xcassets */,
				763FC7D02AD693D20008E040 /* MyBooks.entitlements */,
				763FC7D12AD693D20008E040 /* Preview Content */,
				766D029B2AEAAB19000CE954 /* Genre.swift */,
			);
			path = MyBooks;
			sourceTree = "<group>";
		};
		763FC7D12AD693D20008E040 /* Preview Content */ = {
			isa = PBXGroup;
			children = (
				763FC7D22AD693D20008E040 /* Preview Assets.xcassets */,
			);
			path = "Preview Content";
			sourceTree = "<group>";
		};
		76B319982ADBC65000AF1E86 /* docs */ = {
			isa = PBXGroup;
			children = (
				766D02972AEA84E2000CE954 /* docs */,
				76B3198D2ADBC64A00AF1E86 /* 2023-10-12_15-26-37 (1).gif */,
				76B319892ADBC64A00AF1E86 /* 2023-10-13_10-46-28 (1).gif */,
				76B319872ADBC64A00AF1E86 /* image-20231011145312090.png */,
				76B319862ADBC64A00AF1E86 /* image-20231011184751985.png */,
				76B319882ADBC64A00AF1E86 /* image-20231011185449831.png */,
				76B319842ADBC64A00AF1E86 /* image-20231011212137465.png */,
				76B3198A2ADBC64A00AF1E86 /* image-20231013214052735.png */,
				76B3198B2ADBC64A00AF1E86 /* image-20231013214129962.png */,
				76B319852ADBC64A00AF1E86 /* Sortowanie i Filtrowanie danych.md */,
				76B319822ADBC62700AF1E86 /* migrations.md */,
				76B3199D2ADC4E7400AF1E86 /* One2Many.md */,
			);
			path = docs;
			sourceTree = "<group>";
		};
/* End PBXGroup section */

/* Begin PBXNativeTarget section */
		763FC7C62AD693D00008E040 /* MyBooks */ = {
			isa = PBXNativeTarget;
			buildConfigurationList = 763FC7D62AD693D20008E040 /* Build configuration list for PBXNativeTarget "MyBooks" */;
			buildPhases = (
				763FC7C32AD693D00008E040 /* Sources */,
				763FC7C42AD693D00008E040 /* Frameworks */,
				763FC7C52AD693D00008E040 /* Resources */,
			);
			buildRules = (
			);
			dependencies = (
			);
			name = MyBooks;
			productName = MyBooks;
			productReference = 763FC7C72AD693D00008E040 /* MyBooks.app */;
			productType = "com.apple.product-type.application";
		};
/* End PBXNativeTarget section */

/* Begin PBXProject section */
		763FC7BF2AD693D00008E040 /* Project object */ = {
			isa = PBXProject;
			attributes = {
				BuildIndependentTargetsInParallel = 1;
				LastSwiftUpdateCheck = 1500;
				LastUpgradeCheck = 1500;
				TargetAttributes = {
					763FC7C62AD693D00008E040 = {
						CreatedOnToolsVersion = 15.0;
					};
				};
			};
			buildConfigurationList = 763FC7C22AD693D00008E040 /* Build configuration list for PBXProject "MyBooks" */;
			compatibilityVersion = "Xcode 14.0";
			developmentRegion = en;
			hasScannedForEncodings = 0;
			knownRegions = (
				en,
				Base,
				pl,
				de,
			);
			mainGroup = 763FC7BE2AD693D00008E040;
			productRefGroup = 763FC7C82AD693D00008E040 /* Products */;
			projectDirPath = "";
			projectRoot = "";
			targets = (
				763FC7C62AD693D00008E040 /* MyBooks */,
			);
		};
/* End PBXProject section */

/* Begin PBXResourcesBuildPhase section */
		763FC7C52AD693D00008E040 /* Resources */ = {
			isa = PBXResourcesBuildPhase;
			buildActionMask = 2147483647;
			files = (
				76B3198F2ADBC64A00AF1E86 /* Sortowanie i Filtrowanie danych.md in Resources */,
				76B319912ADBC64A00AF1E86 /* image-20231011145312090.png in Resources */,
				76B3198E2ADBC64A00AF1E86 /* image-20231011212137465.png in Resources */,
				763FC7DA2AD694430008E040 /* Readme.md in Resources */,
				763FC7D32AD693D20008E040 /* Preview Assets.xcassets in Resources */,
				763FC7CF2AD693D20008E040 /* Assets.xcassets in Resources */,
				76B319952ADBC64A00AF1E86 /* image-20231013214129962.png in Resources */,
				76B319832ADBC62800AF1E86 /* migrations.md in Resources */,
				76B319932ADBC64A00AF1E86 /* 2023-10-13_10-46-28 (1).gif in Resources */,
				766D02982AEA84E2000CE954 /* docs in Resources */,
				766D029A2AEA857D000CE954 /* Localizable.xcstrings in Resources */,
				76B319902ADBC64A00AF1E86 /* image-20231011184751985.png in Resources */,
				76B319942ADBC64A00AF1E86 /* image-20231013214052735.png in Resources */,
				76B319922ADBC64A00AF1E86 /* image-20231011185449831.png in Resources */,
				76B319972ADBC64A00AF1E86 /* 2023-10-12_15-26-37 (1).gif in Resources */,
				76B3199E2ADC4E7400AF1E86 /* One2Many.md in Resources */,
			);
			runOnlyForDeploymentPostprocessing = 0;
		};
/* End PBXResourcesBuildPhase section */

/* Begin PBXSourcesBuildPhase section */
		763FC7C32AD693D00008E040 /* Sources */ = {
			isa = PBXSourcesBuildPhase;
			buildActionMask = 2147483647;
			files = (
				761F19162AD95BCE003E9725 /* BookSamples.swift in Sources */,
				763FC7DE2AD6FE8D0008E040 /* NewBookView.swift in Sources */,
				76FC4C532AD847130088895E /* RatingsView.swift in Sources */,
				766D029C2AEAAB19000CE954 /* Genre.swift in Sources */,
				76B319812ADAE15600AF1E86 /* BookList.swift in Sources */,
				76FC4C512AD832560088895E /* EditBookView.swift in Sources */,
				763FC7CD2AD693D00008E040 /* BookListView.swift in Sources */,
				763FC7CB2AD693D00008E040 /* MyBooksApp.swift in Sources */,
				761F19182AD9C3C2003E9725 /* PreviewContainer.swift in Sources */,
				76B3199A2ADBE26B00AF1E86 /* Quote.swift in Sources */,
				763FC7DC2AD695300008E040 /* Book.swift in Sources */,
				76B3199C2ADBF25200AF1E86 /* QuotesListView.swift in Sources */,
			);
			runOnlyForDeploymentPostprocessing = 0;
		};
/* End PBXSourcesBuildPhase section */

/* Begin XCBuildConfiguration section */
		763FC7D42AD693D20008E040 /* Debug */ = {
			isa = XCBuildConfiguration;
			buildSettings = {
				ALWAYS_SEARCH_USER_PATHS = NO;
				ASSETCATALOG_COMPILER_GENERATE_SWIFT_ASSET_SYMBOL_EXTENSIONS = YES;
				CLANG_ANALYZER_NONNULL = YES;
				CLANG_ANALYZER_NUMBER_OBJECT_CONVERSION = YES_AGGRESSIVE;
				CLANG_CXX_LANGUAGE_STANDARD = "gnu++20";
				CLANG_ENABLE_MODULES = YES;
				CLANG_ENABLE_OBJC_ARC = YES;
				CLANG_ENABLE_OBJC_WEAK = YES;
				CLANG_WARN_BLOCK_CAPTURE_AUTORELEASING = YES;
				CLANG_WARN_BOOL_CONVERSION = YES;
				CLANG_WARN_COMMA = YES;
				CLANG_WARN_CONSTANT_CONVERSION = YES;
				CLANG_WARN_DEPRECATED_OBJC_IMPLEMENTATIONS = YES;
				CLANG_WARN_DIRECT_OBJC_ISA_USAGE = YES_ERROR;
				CLANG_WARN_DOCUMENTATION_COMMENTS = YES;
				CLANG_WARN_EMPTY_BODY = YES;
				CLANG_WARN_ENUM_CONVERSION = YES;
				CLANG_WARN_INFINITE_RECURSION = YES;
				CLANG_WARN_INT_CONVERSION = YES;
				CLANG_WARN_NON_LITERAL_NULL_CONVERSION = YES;
				CLANG_WARN_OBJC_IMPLICIT_RETAIN_SELF = YES;
				CLANG_WARN_OBJC_LITERAL_CONVERSION = YES;
				CLANG_WARN_OBJC_ROOT_CLASS = YES_ERROR;
				CLANG_WARN_QUOTED_INCLUDE_IN_FRAMEWORK_HEADER = YES;
				CLANG_WARN_RANGE_LOOP_ANALYSIS = YES;
				CLANG_WARN_STRICT_PROTOTYPES = YES;
				CLANG_WARN_SUSPICIOUS_MOVE = YES;
				CLANG_WARN_UNGUARDED_AVAILABILITY = YES_AGGRESSIVE;
				CLANG_WARN_UNREACHABLE_CODE = YES;
				CLANG_WARN__DUPLICATE_METHOD_MATCH = YES;
				COPY_PHASE_STRIP = NO;
				DEBUG_INFORMATION_FORMAT = dwarf;
				ENABLE_STRICT_OBJC_MSGSEND = YES;
				ENABLE_TESTABILITY = YES;
				ENABLE_USER_SCRIPT_SANDBOXING = YES;
				GCC_C_LANGUAGE_STANDARD = gnu17;
				GCC_DYNAMIC_NO_PIC = NO;
				GCC_NO_COMMON_BLOCKS = YES;
				GCC_OPTIMIZATION_LEVEL = 0;
				GCC_PREPROCESSOR_DEFINITIONS = (
					"DEBUG=1",
					"$(inherited)",
				);
				GCC_WARN_64_TO_32_BIT_CONVERSION = YES;
				GCC_WARN_ABOUT_RETURN_TYPE = YES_ERROR;
				GCC_WARN_UNDECLARED_SELECTOR = YES;
				GCC_WARN_UNINITIALIZED_AUTOS = YES_AGGRESSIVE;
				GCC_WARN_UNUSED_FUNCTION = YES;
				GCC_WARN_UNUSED_VARIABLE = YES;
				LOCALIZATION_PREFERS_STRING_CATALOGS = YES;
				MTL_ENABLE_DEBUG_INFO = INCLUDE_SOURCE;
				MTL_FAST_MATH = YES;
				ONLY_ACTIVE_ARCH = YES;
				SWIFT_ACTIVE_COMPILATION_CONDITIONS = "DEBUG $(inherited)";
				SWIFT_OPTIMIZATION_LEVEL = "-Onone";
			};
			name = Debug;
		};
		763FC7D52AD693D20008E040 /* Release */ = {
			isa = XCBuildConfiguration;
			buildSettings = {
				ALWAYS_SEARCH_USER_PATHS = NO;
				ASSETCATALOG_COMPILER_GENERATE_SWIFT_ASSET_SYMBOL_EXTENSIONS = YES;
				CLANG_ANALYZER_NONNULL = YES;
				CLANG_ANALYZER_NUMBER_OBJECT_CONVERSION = YES_AGGRESSIVE;
				CLANG_CXX_LANGUAGE_STANDARD = "gnu++20";
				CLANG_ENABLE_MODULES = YES;
				CLANG_ENABLE_OBJC_ARC = YES;
				CLANG_ENABLE_OBJC_WEAK = YES;
				CLANG_WARN_BLOCK_CAPTURE_AUTORELEASING = YES;
				CLANG_WARN_BOOL_CONVERSION = YES;
				CLANG_WARN_COMMA = YES;
				CLANG_WARN_CONSTANT_CONVERSION = YES;
				CLANG_WARN_DEPRECATED_OBJC_IMPLEMENTATIONS = YES;
				CLANG_WARN_DIRECT_OBJC_ISA_USAGE = YES_ERROR;
				CLANG_WARN_DOCUMENTATION_COMMENTS = YES;
				CLANG_WARN_EMPTY_BODY = YES;
				CLANG_WARN_ENUM_CONVERSION = YES;
				CLANG_WARN_INFINITE_RECURSION = YES;
				CLANG_WARN_INT_CONVERSION = YES;
				CLANG_WARN_NON_LITERAL_NULL_CONVERSION = YES;
				CLANG_WARN_OBJC_IMPLICIT_RETAIN_SELF = YES;
				CLANG_WARN_OBJC_LITERAL_CONVERSION = YES;
				CLANG_WARN_OBJC_ROOT_CLASS = YES_ERROR;
				CLANG_WARN_QUOTED_INCLUDE_IN_FRAMEWORK_HEADER = YES;
				CLANG_WARN_RANGE_LOOP_ANALYSIS = YES;
				CLANG_WARN_STRICT_PROTOTYPES = YES;
				CLANG_WARN_SUSPICIOUS_MOVE = YES;
				CLANG_WARN_UNGUARDED_AVAILABILITY = YES_AGGRESSIVE;
				CLANG_WARN_UNREACHABLE_CODE = YES;
				CLANG_WARN__DUPLICATE_METHOD_MATCH = YES;
				COPY_PHASE_STRIP = NO;
				DEBUG_INFORMATION_FORMAT = "dwarf-with-dsym";
				ENABLE_NS_ASSERTIONS = NO;
				ENABLE_STRICT_OBJC_MSGSEND = YES;
				ENABLE_USER_SCRIPT_SANDBOXING = YES;
				GCC_C_LANGUAGE_STANDARD = gnu17;
				GCC_NO_COMMON_BLOCKS = YES;
				GCC_WARN_64_TO_32_BIT_CONVERSION = YES;
				GCC_WARN_ABOUT_RETURN_TYPE = YES_ERROR;
				GCC_WARN_UNDECLARED_SELECTOR = YES;
				GCC_WARN_UNINITIALIZED_AUTOS = YES_AGGRESSIVE;
				GCC_WARN_UNUSED_FUNCTION = YES;
				GCC_WARN_UNUSED_VARIABLE = YES;
				LOCALIZATION_PREFERS_STRING_CATALOGS = YES;
				MTL_ENABLE_DEBUG_INFO = NO;
				MTL_FAST_MATH = YES;
				SWIFT_COMPILATION_MODE = wholemodule;
			};
			name = Release;
		};
		763FC7D72AD693D20008E040 /* Debug */ = {
			isa = XCBuildConfiguration;
			buildSettings = {
				ASSETCATALOG_COMPILER_APPICON_NAME = AppIcon;
				ASSETCATALOG_COMPILER_GLOBAL_ACCENT_COLOR_NAME = AccentColor;
				CODE_SIGN_ENTITLEMENTS = MyBooks/MyBooks.entitlements;
				CODE_SIGN_STYLE = Automatic;
				CURRENT_PROJECT_VERSION = 1;
				DEVELOPMENT_ASSET_PATHS = "\"MyBooks/Preview Content\"";
				DEVELOPMENT_TEAM = PFVCA649R3;
				ENABLE_HARDENED_RUNTIME = YES;
				ENABLE_PREVIEWS = YES;
				GENERATE_INFOPLIST_FILE = YES;
				"INFOPLIST_KEY_UIApplicationSceneManifest_Generation[sdk=iphoneos*]" = YES;
				"INFOPLIST_KEY_UIApplicationSceneManifest_Generation[sdk=iphonesimulator*]" = YES;
				"INFOPLIST_KEY_UIApplicationSupportsIndirectInputEvents[sdk=iphoneos*]" = YES;
				"INFOPLIST_KEY_UIApplicationSupportsIndirectInputEvents[sdk=iphonesimulator*]" = YES;
				"INFOPLIST_KEY_UILaunchScreen_Generation[sdk=iphoneos*]" = YES;
				"INFOPLIST_KEY_UILaunchScreen_Generation[sdk=iphonesimulator*]" = YES;
				"INFOPLIST_KEY_UIStatusBarStyle[sdk=iphoneos*]" = UIStatusBarStyleDefault;
				"INFOPLIST_KEY_UIStatusBarStyle[sdk=iphonesimulator*]" = UIStatusBarStyleDefault;
				INFOPLIST_KEY_UISupportedInterfaceOrientations_iPad = "UIInterfaceOrientationPortrait UIInterfaceOrientationPortraitUpsideDown UIInterfaceOrientationLandscapeLeft UIInterfaceOrientationLandscapeRight";
				INFOPLIST_KEY_UISupportedInterfaceOrientations_iPhone = "UIInterfaceOrientationPortrait UIInterfaceOrientationLandscapeLeft UIInterfaceOrientationLandscapeRight";
				IPHONEOS_DEPLOYMENT_TARGET = 17.0;
				LD_RUNPATH_SEARCH_PATHS = "@executable_path/Frameworks";
				"LD_RUNPATH_SEARCH_PATHS[sdk=macosx*]" = "@executable_path/../Frameworks";
				MACOSX_DEPLOYMENT_TARGET = 14.0;
				MARKETING_VERSION = 1.0;
				PRODUCT_BUNDLE_IDENTIFIER = com.kashiash.MyBooks;
				PRODUCT_NAME = "$(TARGET_NAME)";
				SDKROOT = auto;
				SUPPORTED_PLATFORMS = "iphoneos iphonesimulator macosx";
				SWIFT_EMIT_LOC_STRINGS = YES;
				SWIFT_VERSION = 5.0;
				TARGETED_DEVICE_FAMILY = "1,2";
			};
			name = Debug;
		};
		763FC7D82AD693D20008E040 /* Release */ = {
			isa = XCBuildConfiguration;
			buildSettings = {
				ASSETCATALOG_COMPILER_APPICON_NAME = AppIcon;
				ASSETCATALOG_COMPILER_GLOBAL_ACCENT_COLOR_NAME = AccentColor;
				CODE_SIGN_ENTITLEMENTS = MyBooks/MyBooks.entitlements;
				CODE_SIGN_STYLE = Automatic;
				CURRENT_PROJECT_VERSION = 1;
				DEVELOPMENT_ASSET_PATHS = "\"MyBooks/Preview Content\"";
				DEVELOPMENT_TEAM = PFVCA649R3;
				ENABLE_HARDENED_RUNTIME = YES;
				ENABLE_PREVIEWS = YES;
				GENERATE_INFOPLIST_FILE = YES;
				"INFOPLIST_KEY_UIApplicationSceneManifest_Generation[sdk=iphoneos*]" = YES;
				"INFOPLIST_KEY_UIApplicationSceneManifest_Generation[sdk=iphonesimulator*]" = YES;
				"INFOPLIST_KEY_UIApplicationSupportsIndirectInputEvents[sdk=iphoneos*]" = YES;
				"INFOPLIST_KEY_UIApplicationSupportsIndirectInputEvents[sdk=iphonesimulator*]" = YES;
				"INFOPLIST_KEY_UILaunchScreen_Generation[sdk=iphoneos*]" = YES;
				"INFOPLIST_KEY_UILaunchScreen_Generation[sdk=iphonesimulator*]" = YES;
				"INFOPLIST_KEY_UIStatusBarStyle[sdk=iphoneos*]" = UIStatusBarStyleDefault;
				"INFOPLIST_KEY_UIStatusBarStyle[sdk=iphonesimulator*]" = UIStatusBarStyleDefault;
				INFOPLIST_KEY_UISupportedInterfaceOrientations_iPad = "UIInterfaceOrientationPortrait UIInterfaceOrientationPortraitUpsideDown UIInterfaceOrientationLandscapeLeft UIInterfaceOrientationLandscapeRight";
				INFOPLIST_KEY_UISupportedInterfaceOrientations_iPhone = "UIInterfaceOrientationPortrait UIInterfaceOrientationLandscapeLeft UIInterfaceOrientationLandscapeRight";
				IPHONEOS_DEPLOYMENT_TARGET = 17.0;
				LD_RUNPATH_SEARCH_PATHS = "@executable_path/Frameworks";
				"LD_RUNPATH_SEARCH_PATHS[sdk=macosx*]" = "@executable_path/../Frameworks";
				MACOSX_DEPLOYMENT_TARGET = 14.0;
				MARKETING_VERSION = 1.0;
				PRODUCT_BUNDLE_IDENTIFIER = com.kashiash.MyBooks;
				PRODUCT_NAME = "$(TARGET_NAME)";
				SDKROOT = auto;
				SUPPORTED_PLATFORMS = "iphoneos iphonesimulator macosx";
				SWIFT_EMIT_LOC_STRINGS = YES;
				SWIFT_VERSION = 5.0;
				TARGETED_DEVICE_FAMILY = "1,2";
			};
			name = Release;
		};
/* End XCBuildConfiguration section */

/* Begin XCConfigurationList section */
		763FC7C22AD693D00008E040 /* Build configuration list for PBXProject "MyBooks" */ = {
			isa = XCConfigurationList;
			buildConfigurations = (
				763FC7D42AD693D20008E040 /* Debug */,
				763FC7D52AD693D20008E040 /* Release */,
			);
			defaultConfigurationIsVisible = 0;
			defaultConfigurationName = Release;
		};
		763FC7D62AD693D20008E040 /* Build configuration list for PBXNativeTarget "MyBooks" */ = {
			isa = XCConfigurationList;
			buildConfigurations = (
				763FC7D72AD693D20008E040 /* Debug */,
				763FC7D82AD693D20008E040 /* Release */,
			);
			defaultConfigurationIsVisible = 0;
			defaultConfigurationName = Release;
		};
/* End XCConfigurationList section */
	};
	rootObject = 763FC7BF2AD693D00008E040 /* Project object */;
}
